
Microsoft Visual Studio Solution File, Format Version 12.00
# Visual Studio Version 17
VisualStudioVersion = 17.2.32210.308
MinimumVisualStudioVersion = 10.0.40219.1
Project("{9A19103F-16F7-4668-BE54-9A1E7A4F7556}") = "SummonMyStrength.Wpf", "SummonMyStrength.Wpf\SummonMyStrength.Wpf.csproj", "{3565277D-B666-4F89-BD3E-B3622B5CB125}"
EndProject
Project("{9A19103F-16F7-4668-BE54-9A1E7A4F7556}") = "SummonMyStrength.Api", "SummonMyStrength.Api\SummonMyStrength.Api.csproj", "{60932376-80D3-4AF7-8FD3-74D8E2C1EFD4}"
EndProject
Project("{2150E333-8FDC-42A3-9474-1A3956D46DE8}") = "Solution Items", "Solution Items", "{43777A6F-215F-42A5-9C4B-F1B8D9E6C21E}"
	ProjectSection(SolutionItems) = preProject
		.gitignore = .gitignore
	EndProjectSection
EndProject
Project("{9A19103F-16F7-4668-BE54-9A1E7A4F7556}") = "SummonMyStrength.Maui", "SummonMyStrength.Maui\SummonMyStrength.Maui.csproj", "{61CE231C-75C8-424C-B057-EF3C064EC4B9}"
EndProject
Global
	GlobalSection(SolutionConfigurationPlatforms) = preSolution
		Debug|Any CPU = Debug|Any CPU
		Release|Any CPU = Release|Any CPU
	EndGlobalSection
	GlobalSection(ProjectConfigurationPlatforms) = postSolution
		{3565277D-B666-4F89-BD3E-B3622B5CB125}.Debug|Any CPU.ActiveCfg = Debug|Any CPU
		{3565277D-B666-4F89-BD3E-B3622B5CB125}.Debug|Any CPU.Build.0 = Debug|Any CPU
		{3565277D-B666-4F89-BD3E-B3622B5CB125}.Release|Any CPU.ActiveCfg = Release|Any CPU
		{3565277D-B666-4F89-BD3E-B3622B5CB125}.Release|Any CPU.Build.0 = Release|Any CPU
		{60932376-80D3-4AF7-8FD3-74D8E2C1EFD4}.Debug|Any CPU.ActiveCfg = Debug|Any CPU
		{60932376-80D3-4AF7-8FD3-74D8E2C1EFD4}.Debug|Any CPU.Build.0 = Debug|Any CPU
		{60932376-80D3-4AF7-8FD3-74D8E2C1EFD4}.Release|Any CPU.ActiveCfg = Release|Any CPU
		{60932376-80D3-4AF7-8FD3-74D8E2C1EFD4}.Release|Any CPU.Build.0 = Release|Any CPU
		{61CE231C-75C8-424C-B057-EF3C064EC4B9}.Debug|Any CPU.ActiveCfg = Debug|Any CPU
		{61CE231C-75C8-424C-B057-EF3C064EC4B9}.Debug|Any CPU.Build.0 = Debug|Any CPU
		{61CE231C-75C8-424C-B057-EF3C064EC4B9}.Debug|Any CPU.Deploy.0 = Debug|Any CPU
		{61CE231C-75C8-424C-B057-EF3C064EC4B9}.Release|Any CPU.ActiveCfg = Release|Any CPU
		{61CE231C-75C8-424C-B057-EF3C064EC4B9}.Release|Any CPU.Build.0 = Release|Any CPU
		{61CE231C-75C8-424C-B057-EF3C064EC4B9}.Release|Any CPU.Deploy.0 = Release|Any CPU
	EndGlobalSection
	GlobalSection(SolutionProperties) = preSolution
		HideSolutionNode = FALSE
	EndGlobalSection
	GlobalSection(ExtensibilityGlobals) = postSolution
		SolutionGuid = {43C9389F-CADF-42C1-95F5-82E6874B8BB4}
	EndGlobalSection
EndGlobal
